
Microsoft Visual Studio Solution File, Format Version 12.00
# Visual Studio 2012
Project("{F088123C-0E9E-452A-89E6-6BA2F21D5CAC}") = "DominioClassDiagram", "DominioClassDiagram\DominioClassDiagram.modelproj", "{1E5117F8-5C29-444A-B25E-DF4EEB86604A}"
EndProject
Project("{FAE04EC0-301F-11D3-BF4B-00C04F79EFBC}") = "Dominio", "Dominio\Dominio.csproj", "{CC73F9C4-BD6E-4108-8F72-3BB876C01858}"
EndProject
Project("{FAE04EC0-301F-11D3-BF4B-00C04F79EFBC}") = "Dominio.Test", "Dominio.Test\Dominio.Test.csproj", "{804A15CE-B088-46F0-96C3-BC1A1DE9E8A8}"
EndProject
Global
	GlobalSection(SolutionConfigurationPlatforms) = preSolution
		Debug|Any CPU = Debug|Any CPU
		Release|Any CPU = Release|Any CPU
	EndGlobalSection
	GlobalSection(ProjectConfigurationPlatforms) = postSolution
		{1E5117F8-5C29-444A-B25E-DF4EEB86604A}.Debug|Any CPU.ActiveCfg = Debug|Any CPU
		{1E5117F8-5C29-444A-B25E-DF4EEB86604A}.Debug|Any CPU.Build.0 = Debug|Any CPU
		{1E5117F8-5C29-444A-B25E-DF4EEB86604A}.Release|Any CPU.ActiveCfg = Release|Any CPU
		{1E5117F8-5C29-444A-B25E-DF4EEB86604A}.Release|Any CPU.Build.0 = Release|Any CPU
		{CC73F9C4-BD6E-4108-8F72-3BB876C01858}.Debug|Any CPU.ActiveCfg = Debug|Any CPU
		{CC73F9C4-BD6E-4108-8F72-3BB876C01858}.Debug|Any CPU.Build.0 = Debug|Any CPU
		{CC73F9C4-BD6E-4108-8F72-3BB876C01858}.Release|Any CPU.ActiveCfg = Release|Any CPU
		{CC73F9C4-BD6E-4108-8F72-3BB876C01858}.Release|Any CPU.Build.0 = Release|Any CPU
		{804A15CE-B088-46F0-96C3-BC1A1DE9E8A8}.Debug|Any CPU.ActiveCfg = Debug|Any CPU
		{804A15CE-B088-46F0-96C3-BC1A1DE9E8A8}.Debug|Any CPU.Build.0 = Debug|Any CPU
		{804A15CE-B088-46F0-96C3-BC1A1DE9E8A8}.Release|Any CPU.ActiveCfg = Release|Any CPU
		{804A15CE-B088-46F0-96C3-BC1A1DE9E8A8}.Release|Any CPU.Build.0 = Release|Any CPU
	EndGlobalSection
	GlobalSection(SolutionProperties) = preSolution
		HideSolutionNode = FALSE
	EndGlobalSection
EndGlobal
